
Microsoft Visual Studio Solution File, Format Version 12.00
# Visual Studio 2013
VisualStudioVersion = 12.0.21005.1
MinimumVisualStudioVersion = 10.0.40219.1
Project("{FAE04EC0-301F-11D3-BF4B-00C04F79EFBC}") = "DChapman_CSCI5335_Assignment8", "DChapman_CSCI5335_Assignment8\DChapman_CSCI5335_Assignment8.csproj", "{B8C943A2-0EB5-462B-827A-A3873F157C3A}"
EndProject
Global
	GlobalSection(SolutionConfigurationPlatforms) = preSolution
		Debug|Any CPU = Debug|Any CPU
		Release|Any CPU = Release|Any CPU
	EndGlobalSection
	GlobalSection(ProjectConfigurationPlatforms) = postSolution
		{B8C943A2-0EB5-462B-827A-A3873F157C3A}.Debug|Any CPU.ActiveCfg = Debug|Any CPU
		{B8C943A2-0EB5-462B-827A-A3873F157C3A}.Debug|Any CPU.Build.0 = Debug|Any CPU
		{B8C943A2-0EB5-462B-827A-A3873F157C3A}.Release|Any CPU.ActiveCfg = Release|Any CPU
		{B8C943A2-0EB5-462B-827A-A3873F157C3A}.Release|Any CPU.Build.0 = Release|Any CPU
	EndGlobalSection
	GlobalSection(SolutionProperties) = preSolution
		HideSolutionNode = FALSE
	EndGlobalSection
EndGlobal
